
Microsoft Visual Studio Solution File, Format Version 12.00
# Visual Studio 15
VisualStudioVersion = 15.0.33801.198
MinimumVisualStudioVersion = 10.0.40219.1
Project("{8BC9CEB8-8B4A-11D0-8D11-00A0C91BC942}") = "只因你太美", "只因你太美\只因你太美.vcxproj", "{E18009DE-0663-4279-A101-6275DC37A98F}"
EndProject
Global
	GlobalSection(SolutionConfigurationPlatforms) = preSolution
		Debug|x64 = Debug|x64
		Debug|x86 = Debug|x86
		Release|x64 = Release|x64
		Release|x86 = Release|x86
	EndGlobalSection
	GlobalSection(ProjectConfigurationPlatforms) = postSolution
		{E18009DE-0663-4279-A101-6275DC37A98F}.Debug|x64.ActiveCfg = Debug|x64
		{E18009DE-0663-4279-A101-6275DC37A98F}.Debug|x64.Build.0 = Debug|x64
		{E18009DE-0663-4279-A101-6275DC37A98F}.Debug|x86.ActiveCfg = Debug|Win32
		{E18009DE-0663-4279-A101-6275DC37A98F}.Debug|x86.Build.0 = Debug|Win32
		{E18009DE-0663-4279-A101-6275DC37A98F}.Release|x64.ActiveCfg = Release|x64
		{E18009DE-0663-4279-A101-6275DC37A98F}.Release|x64.Build.0 = Release|x64
		{E18009DE-0663-4279-A101-6275DC37A98F}.Release|x86.ActiveCfg = Release|Win32
		{E18009DE-0663-4279-A101-6275DC37A98F}.Release|x86.Build.0 = Release|Win32
	EndGlobalSection
	GlobalSection(SolutionProperties) = preSolution
		HideSolutionNode = FALSE
	EndGlobalSection
	GlobalSection(ExtensibilityGlobals) = postSolution
		SolutionGuid = {416F6585-CFD8-4A44-B9F2-AF3B42D7EC1A}
	EndGlobalSection
EndGlobal
